
Microsoft Visual Studio Solution File, Format Version 12.00
# Visual Studio Version 17
VisualStudioVersion = 17.0.32014.148
MinimumVisualStudioVersion = 10.0.40219.1
Project("{FAE04EC0-301F-11D3-BF4B-00C04F79EFBC}") = "PartyInvites", "PartyInvites\PartyInvites.csproj", "{813E5C72-D01D-4354-9811-A3B77AA504F5}"
EndProject
Global
	GlobalSection(SolutionConfigurationPlatforms) = preSolution
		Debug|Any CPU = Debug|Any CPU
		Release|Any CPU = Release|Any CPU
	EndGlobalSection
	GlobalSection(ProjectConfigurationPlatforms) = postSolution
		{813E5C72-D01D-4354-9811-A3B77AA504F5}.Debug|Any CPU.ActiveCfg = Debug|Any CPU
		{813E5C72-D01D-4354-9811-A3B77AA504F5}.Debug|Any CPU.Build.0 = Debug|Any CPU
		{813E5C72-D01D-4354-9811-A3B77AA504F5}.Release|Any CPU.ActiveCfg = Release|Any CPU
		{813E5C72-D01D-4354-9811-A3B77AA504F5}.Release|Any CPU.Build.0 = Release|Any CPU
	EndGlobalSection
	GlobalSection(SolutionProperties) = preSolution
		HideSolutionNode = FALSE
	EndGlobalSection
	GlobalSection(ExtensibilityGlobals) = postSolution
		SolutionGuid = {BE6D8BF9-3AAD-4651-91F9-8A71BEB4CDA7}
	EndGlobalSection
EndGlobal
